
Microsoft Visual Studio Solution File, Format Version 11.00
# Visual Studio 2010
Project("{FAE04EC0-301F-11D3-BF4B-00C04F79EFBC}") = "Practica_7", "Practica_7\Practica_7.csproj", "{91BC5114-C0A7-4372-BA75-67EF0B5D4109}"
EndProject
Global
	GlobalSection(SolutionConfigurationPlatforms) = preSolution
		Debug|x86 = Debug|x86
		Release|x86 = Release|x86
	EndGlobalSection
	GlobalSection(ProjectConfigurationPlatforms) = postSolution
		{91BC5114-C0A7-4372-BA75-67EF0B5D4109}.Debug|x86.ActiveCfg = Debug|x86
		{91BC5114-C0A7-4372-BA75-67EF0B5D4109}.Debug|x86.Build.0 = Debug|x86
		{91BC5114-C0A7-4372-BA75-67EF0B5D4109}.Release|x86.ActiveCfg = Release|x86
		{91BC5114-C0A7-4372-BA75-67EF0B5D4109}.Release|x86.Build.0 = Release|x86
	EndGlobalSection
	GlobalSection(MonoDevelopProperties) = preSolution
		StartupItem = Practica_7\Practica_7.csproj
	EndGlobalSection
EndGlobal
